
Microsoft Visual Studio Solution File, Format Version 12.00
# Visual Studio 15
VisualStudioVersion = 15.0.27703.1
MinimumVisualStudioVersion = 10.0.40219.1
Project("{FAE04EC0-301F-11D3-BF4B-00C04F79EFBC}") = "AwsS3Test", "AwsS3Test\AwsS3Test.csproj", "{A3F30C4B-225C-45B3-BF80-D7F120B75AB5}"
EndProject
Global
	GlobalSection(SolutionConfigurationPlatforms) = preSolution
		Debug|Any CPU = Debug|Any CPU
		Release|Any CPU = Release|Any CPU
	EndGlobalSection
	GlobalSection(ProjectConfigurationPlatforms) = postSolution
		{A3F30C4B-225C-45B3-BF80-D7F120B75AB5}.Debug|Any CPU.ActiveCfg = Debug|Any CPU
		{A3F30C4B-225C-45B3-BF80-D7F120B75AB5}.Debug|Any CPU.Build.0 = Debug|Any CPU
		{A3F30C4B-225C-45B3-BF80-D7F120B75AB5}.Release|Any CPU.ActiveCfg = Release|Any CPU
		{A3F30C4B-225C-45B3-BF80-D7F120B75AB5}.Release|Any CPU.Build.0 = Release|Any CPU
	EndGlobalSection
	GlobalSection(SolutionProperties) = preSolution
		HideSolutionNode = FALSE
	EndGlobalSection
	GlobalSection(ExtensibilityGlobals) = postSolution
		SolutionGuid = {EE5D7373-41B5-4B9A-8C45-90DD3BB6A5A4}
	EndGlobalSection
EndGlobal
